<?xml version="1.0" encoding="utf-8"?>
<Project ToolsVersion="4.0" xmlns="http://schemas.microsoft.com/developer/msbuild/2003">
  <ItemGroup>
    <Filter Include="win32">
      <UniqueIdentifier>{84a8ebd7-7cf0-47f6-b75e-d441df67da40}</UniqueIdentifier>
    </Filter>
    <Filter Include="Classes">
      <UniqueIdentifier>{bb6c862e-70e9-49d9-81b7-3829a6f50471}</UniqueIdentifier>
    </Filter>
    <Filter Include="resource">
      <UniqueIdentifier>{715254bc-d70b-4ec5-bf29-467dd3ace079}</UniqueIdentifier>
    </Filter>
    <Filter Include="Classes\Header Files">
      <UniqueIdentifier>{03fbd0ca-6ff0-4674-972b-00a7333acbc7}</UniqueIdentifier>
    </Filter>
    <Filter Include="Classes\Source Files">
      <UniqueIdentifier>{ed5fd3b1-d13a-4300-b36f-5ecd05e7f898}</UniqueIdentifier>
    </Filter>
    <Filter Include="Social">
      <UniqueIdentifier>{13c397a5-2c31-451e-8f04-7c2833a45137}</UniqueIdentifier>
    </Filter>
    <Filter Include="APIService">
      <UniqueIdentifier>{d7c11505-8dd0-48e2-9244-a1b6288f4017}</UniqueIdentifier>
    </Filter>
    <Filter Include="Database">
      <UniqueIdentifier>{a136f585-2772-4bb0-91be-d1e9bb710317}</UniqueIdentifier>
    </Filter>
  </ItemGroup>
  <ItemGroup>
    <ClCompile Include="main.cpp">
      <Filter>win32</Filter>
    </ClCompile>
    <ClCompile Include="..\Classes\HelloWorldScene.cpp">
      <Filter>Classes\Source Files</Filter>
    </ClCompile>
    <ClCompile Include="..\Classes\AppDelegate.cpp">
      <Filter>Classes\Source Files</Filter>
    </ClCompile>
    <ClCompile Include="..\Classes\GameBoardManager.cpp">
      <Filter>Classes\Source Files</Filter>
    </ClCompile>
    <ClCompile Include="..\Classes\WordCollectBoardRenderNode.cpp">
      <Filter>Classes\Source Files</Filter>
    </ClCompile>
    <ClCompile Include="..\Classes\ComboCountRenderNode.cpp">
      <Filter>Classes\Source Files</Filter>
    </ClCompile>
    <ClCompile Include="..\Classes\NewGameBoardManager.cpp">
      <Filter>Classes\Source Files</Filter>
    </ClCompile>
    <ClCompile Include="..\Classes\GameWordManager.cpp">
      <Filter>Classes\Source Files</Filter>
    </ClCompile>
    <ClCompile Include="..\Classes\SoundManager.cpp">
      <Filter>Classes\Source Files</Filter>
    </ClCompile>
    <ClCompile Include="..\Classes\StatusLayer.cpp">
      <Filter>Classes\Source Files</Filter>
    </ClCompile>
    <ClCompile Include="..\Classes\DictionaryNode.cpp">
      <Filter>Classes\Source Files</Filter>
    </ClCompile>
    <ClCompile Include="..\Classes\EndGameNode.cpp">
      <Filter>Classes\Source Files</Filter>
    </ClCompile>
    <ClCompile Include="..\Classes\GameTargetNode.cpp">
      <Filter>Classes\Source Files</Filter>
    </ClCompile>
    <ClCompile Include="..\Classes\IntroductionLayer.cpp">
      <Filter>Classes\Source Files</Filter>
    </ClCompile>
    <ClCompile Include="..\Classes\WorldMapScene.cpp">
      <Filter>Classes\Source Files</Filter>
    </ClCompile>
    <ClCompile Include="..\Classes\LevelMapScene.cpp">
      <Filter>Classes\Source Files</Filter>
    </ClCompile>
    <ClCompile Include="..\Classes\MainMenuScene.cpp">
      <Filter>Classes\Source Files</Filter>
    </ClCompile>
    <ClCompile Include="..\Classes\FlashCardScene.cpp">
      <Filter>Classes\Source Files</Filter>
    </ClCompile>
    <ClCompile Include="..\Classes\GameConfigManager.cpp">
      <Filter>Classes\Source Files</Filter>
    </ClCompile>
    <ClCompile Include="..\Classes\ObstacleProcessManager.cpp">
      <Filter>Classes\Source Files</Filter>
    </ClCompile>
    <ClCompile Include="..\Classes\LoadingScene.cpp">
      <Filter>Classes\Source Files</Filter>
    </ClCompile>
    <ClCompile Include="..\Classes\LeaderBoardNode.cpp">
      <Filter>Classes\Source Files</Filter>
    </ClCompile>
    <ClCompile Include="..\Classes\GemLetterManager.cpp">
      <Filter>Classes\Source Files</Filter>
    </ClCompile>
    <ClCompile Include="..\Classes\Social\FacebookManager.cpp">
      <Filter>Social</Filter>
    </ClCompile>
    <ClCompile Include="..\Classes\APIService\UserService.cpp">
      <Filter>APIService</Filter>
    </ClCompile>
    <ClCompile Include="..\Classes\LifeSystemNode.cpp">
      <Filter>Classes\Source Files</Filter>
    </ClCompile>
    <ClCompile Include="..\Classes\Database\InitDatabase.cpp">
      <Filter>Database</Filter>
    </ClCompile>
    <ClCompile Include="..\Classes\Database\sqlite3.c">
      <Filter>Database</Filter>
    </ClCompile>
    <ClCompile Include="..\Classes\Database\UserTable.cpp">
      <Filter>Database</Filter>
    </ClCompile>
    <ClCompile Include="..\Classes\Database\ChapterTable.cpp">
      <Filter>Database</Filter>
    </ClCompile>
    <ClCompile Include="..\Classes\Database\LevelTable.cpp">
      <Filter>Database</Filter>
    </ClCompile>
    <ClCompile Include="..\Classes\SettingMenuNode.cpp">
      <Filter>Classes\Source Files</Filter>
    </ClCompile>
    <ClCompile Include="..\Classes\BonusQuestManager.cpp">
      <Filter>Classes\Source Files</Filter>
    </ClCompile>
    <ClCompile Include="..\Classes\FlashCardCollection.cpp">
      <Filter>Classes\Source Files</Filter>
    </ClCompile>
    <ClCompile Include="..\Classes\LoadingImageNode.cpp">
      <Filter>Classes\Source Files</Filter>
    </ClCompile>
    <ClCompile Include="..\Classes\Database\DictionaryDatabase.cpp">
      <Filter>Database</Filter>
    </ClCompile>
    <ClCompile Include="..\Classes\CustomNode.cpp">
      <Filter>Classes\Source Files</Filter>
    </ClCompile>
    <ClCompile Include="..\Classes\Database\GameTracking.cpp">
      <Filter>Database</Filter>
    </ClCompile>
    <ClCompile Include="..\Classes\ButtonNode.cpp">
      <Filter>Classes\Source Files</Filter>
    </ClCompile>
    <ClCompile Include="..\Classes\ButtonManagerNode.cpp">
      <Filter>Classes\Source Files</Filter>
    </ClCompile>
    <ClCompile Include="..\Classes\ActionExtension.cpp">
      <Filter>Classes\Source Files</Filter>
    </ClCompile>
    <ClCompile Include="..\Classes\FooterNode.cpp">
      <Filter>Classes\Source Files</Filter>
    </ClCompile>
    <ClCompile Include="..\Classes\HeaderNode.cpp">
      <Filter>Classes\Source Files</Filter>
    </ClCompile>
    <ClCompile Include="..\Classes\ScrollManager.cpp">
      <Filter>Classes\Source Files</Filter>
    </ClCompile>
    <ClCompile Include="..\Classes\Database\PowerUpTable.cpp">
      <Filter>Database</Filter>
    </ClCompile>
    <ClCompile Include="..\Classes\Database\VersionTable.cpp">
      <Filter>Database</Filter>
    </ClCompile>
    <ClCompile Include="..\Classes\Database\UnlockChapterTable.cpp">
      <Filter>Database</Filter>
    </ClCompile>
    <ClCompile Include="..\Classes\Database\TransactionTable.cpp">
      <Filter>Database</Filter>
    </ClCompile>
    <ClCompile Include="..\Classes\Database\WordTable.cpp">
      <Filter>Database</Filter>
    </ClCompile>
    <ClCompile Include="..\Classes\TimeCountDownNode.cpp">
      <Filter>Classes\Source Files</Filter>
    </ClCompile>
  </ItemGroup>
  <ItemGroup>
    <ClInclude Include="main.h">
      <Filter>win32</Filter>
    </ClInclude>
    <ClInclude Include="..\Classes\HelloWorldScene.h">
      <Filter>Classes\Header Files</Filter>
    </ClInclude>
    <ClInclude Include="..\Classes\AppDelegate.h">
      <Filter>Classes\Header Files</Filter>
    </ClInclude>
    <ClInclude Include="..\Classes\GameBoardManager.h">
      <Filter>Classes\Header Files</Filter>
    </ClInclude>
    <ClInclude Include="..\Classes\WordCollectBoardRenderNode.h">
      <Filter>Classes\Header Files</Filter>
    </ClInclude>
    <ClInclude Include="..\Classes\ComboCountRenderNode.h">
      <Filter>Classes\Header Files</Filter>
    </ClInclude>
    <ClInclude Include="..\Classes\NewGameBoardManager.h">
      <Filter>Classes\Header Files</Filter>
    </ClInclude>
    <ClInclude Include="..\Classes\GameDataStructure.h">
      <Filter>Classes\Header Files</Filter>
    </ClInclude>
    <ClInclude Include="..\Classes\GameWordManager.h">
      <Filter>Classes\Header Files</Filter>
    </ClInclude>
    <ClInclude Include="..\Classes\SoundManager.h">
      <Filter>Classes\Header Files</Filter>
    </ClInclude>
    <ClInclude Include="..\Classes\StatusLayer.h">
      <Filter>Classes\Header Files</Filter>
    </ClInclude>
    <ClInclude Include="..\Classes\DictionaryNode.h">
      <Filter>Classes\Header Files</Filter>
    </ClInclude>
    <ClInclude Include="..\Classes\EndGameNode.h">
      <Filter>Classes\Header Files</Filter>
    </ClInclude>
    <ClInclude Include="..\Classes\GameTargetNode.h">
      <Filter>Classes\Header Files</Filter>
    </ClInclude>
    <ClInclude Include="..\Classes\IntroductionLayer.h">
      <Filter>Classes\Header Files</Filter>
    </ClInclude>
    <ClInclude Include="..\Classes\WorldMapScene.h">
      <Filter>Classes\Header Files</Filter>
    </ClInclude>
    <ClInclude Include="..\Classes\LevelMapScene.h">
      <Filter>Classes\Header Files</Filter>
    </ClInclude>
    <ClInclude Include="..\Classes\MainMenuScene.h">
      <Filter>Classes\Header Files</Filter>
    </ClInclude>
    <ClInclude Include="..\Classes\FlashCardScene.h">
      <Filter>Classes\Header Files</Filter>
    </ClInclude>
    <ClInclude Include="..\Classes\GameConfigManager.h">
      <Filter>Classes\Header Files</Filter>
    </ClInclude>
    <ClInclude Include="..\Classes\ObstacleProcessManager.h">
      <Filter>Classes\Header Files</Filter>
    </ClInclude>
    <ClInclude Include="..\Classes\LoadingScene.h">
      <Filter>Classes\Header Files</Filter>
    </ClInclude>
    <ClInclude Include="..\Classes\LeaderBoardNode.h">
      <Filter>Classes\Header Files</Filter>
    </ClInclude>
    <ClInclude Include="..\Classes\GemLetterManager.h">
      <Filter>Classes\Header Files</Filter>
    </ClInclude>
    <ClInclude Include="..\Classes\Social\FacebookManager.h">
      <Filter>Social</Filter>
    </ClInclude>
    <ClInclude Include="..\Classes\APIService\Constants.h">
      <Filter>APIService</Filter>
    </ClInclude>
    <ClInclude Include="..\Classes\APIService\UserService.h">
      <Filter>APIService</Filter>
    </ClInclude>
    <ClInclude Include="..\Classes\LifeSystemNode.h">
      <Filter>Classes\Header Files</Filter>
    </ClInclude>
    <ClInclude Include="..\Classes\Database\InitDatabase.h">
      <Filter>Database</Filter>
    </ClInclude>
    <ClInclude Include="..\Classes\Database\sqlite3.h">
      <Filter>Database</Filter>
    </ClInclude>
    <ClInclude Include="..\Classes\Database\UserTable.h">
      <Filter>Database</Filter>
    </ClInclude>
    <ClInclude Include="..\Classes\Database\ChapterTable.h">
      <Filter>Database</Filter>
    </ClInclude>
    <ClInclude Include="..\Classes\Database\LevelTable.h">
      <Filter>Database</Filter>
    </ClInclude>
    <ClInclude Include="..\Classes\SettingMenuNode.h">
      <Filter>Classes\Header Files</Filter>
    </ClInclude>
    <ClInclude Include="..\Classes\BonusQuestManager.h">
      <Filter>Classes\Header Files</Filter>
    </ClInclude>
    <ClInclude Include="..\Classes\FlashCardCollection.h">
      <Filter>Classes\Header Files</Filter>
    </ClInclude>
    <ClInclude Include="..\Classes\CustomNode.h">
      <Filter>Classes\Header Files</Filter>
    </ClInclude>
    <ClInclude Include="..\Classes\APIService\InterfaceService.h">
      <Filter>APIService</Filter>
    </ClInclude>
    <ClInclude Include="..\Classes\LoadingImageNode.h">
      <Filter>Classes\Header Files</Filter>
    </ClInclude>
    <ClInclude Include="..\Classes\Database\DictionaryDatabase.h">
      <Filter>Database</Filter>
    </ClInclude>
    <ClInclude Include="..\Classes\Database\GameTracking.h">
      <Filter>Database</Filter>
    </ClInclude>
    <ClInclude Include="..\Classes\ButtonNode.h">
      <Filter>Classes\Header Files</Filter>
    </ClInclude>
    <ClInclude Include="..\Classes\ButtonManagerNode.h">
      <Filter>Classes\Header Files</Filter>
    </ClInclude>
    <ClInclude Include="..\Classes\ActionExtension.h">
      <Filter>Classes\Header Files</Filter>
    </ClInclude>
    <ClInclude Include="..\Classes\FooterNode.h">
      <Filter>Classes\Header Files</Filter>
    </ClInclude>
    <ClInclude Include="..\Classes\HeaderNode.h">
      <Filter>Classes\Header Files</Filter>
    </ClInclude>
    <ClInclude Include="..\Classes\ScrollManager.h">
      <Filter>Classes\Header Files</Filter>
    </ClInclude>
    <ClInclude Include="..\Classes\Database\PowerUpTable.h">
      <Filter>Database</Filter>
    </ClInclude>
    <ClInclude Include="..\Classes\Database\VersionTable.h">
      <Filter>Database</Filter>
    </ClInclude>
    <ClInclude Include="..\Classes\Database\UnlockChapterTable.h">
      <Filter>Database</Filter>
    </ClInclude>
    <ClInclude Include="..\Classes\Database\TransactionTable.h">
      <Filter>Database</Filter>
    </ClInclude>
    <ClInclude Include="..\Classes\Database\WordTable.h">
      <Filter>Database</Filter>
    </ClInclude>
    <ClInclude Include="..\Classes\TimeCountDownNode.h">
      <Filter>Classes\Header Files</Filter>
    </ClInclude>
  </ItemGroup>
  <ItemGroup>
    <ResourceCompile Include="game.rc">
      <Filter>resource</Filter>
    </ResourceCompile>
  </ItemGroup>
  <ItemGroup>
    <Text Include="..\Resources\ComboBasicPattern.txt">
      <Filter>resource</Filter>
    </Text>
    <Text Include="..\Resources\WordList.txt">
      <Filter>resource</Filter>
    </Text>
    <Text Include="..\Resources\WordList2.txt">
      <Filter>resource</Filter>
    </Text>
    <Text Include="..\Resources\GameConfig.txt">
      <Filter>resource</Filter>
    </Text>
    <Text Include="..\Resources\GenerateWordConfig.txt">
      <Filter>resource</Filter>
    </Text>
    <Text Include="..\Classes\note.txt">
      <Filter>resource</Filter>
    </Text>
  </ItemGroup>
</Project>