<?xml version="1.0" encoding="utf-8"?>
<Project ToolsVersion="4.0" xmlns="http://schemas.microsoft.com/developer/msbuild/2003">
  <ItemGroup>
    <Filter Include="win32">
      <UniqueIdentifier>{84a8ebd7-7cf0-47f6-b75e-d441df67da40}</UniqueIdentifier>
    </Filter>
    <Filter Include="Classes">
      <UniqueIdentifier>{bb6c862e-70e9-49d9-81b7-3829a6f50471}</UniqueIdentifier>
    </Filter>
    <Filter Include="resource">
      <UniqueIdentifier>{715254bc-d70b-4ec5-bf29-467dd3ace079}</UniqueIdentifier>
    </Filter>
    <Filter Include="Classes\Header Files">
      <UniqueIdentifier>{03fbd0ca-6ff0-4674-972b-00a7333acbc7}</UniqueIdentifier>
    </Filter>
    <Filter Include="Classes\Source Files">
      <UniqueIdentifier>{ed5fd3b1-d13a-4300-b36f-5ecd05e7f898}</UniqueIdentifier>
    </Filter>
  </ItemGroup>
  <ItemGroup>
    <ClCompile Include="main.cpp">
      <Filter>win32</Filter>
    </ClCompile>
    <ClCompile Include="..\Classes\HelloWorldScene.cpp">
      <Filter>Classes\Source Files</Filter>
    </ClCompile>
    <ClCompile Include="..\Classes\AppDelegate.cpp">
      <Filter>Classes\Source Files</Filter>
    </ClCompile>
    <ClCompile Include="..\Classes\GameBoardManager.cpp">
      <Filter>Classes\Source Files</Filter>
    </ClCompile>
    <ClCompile Include="..\Classes\WordCollectBoardRenderNode.cpp">
      <Filter>Classes\Source Files</Filter>
    </ClCompile>
    <ClCompile Include="..\Classes\MainMenuScene.cpp">
      <Filter>Classes\Source Files</Filter>
    </ClCompile>
    <ClCompile Include="..\Classes\ComboCountRenderNode.cpp">
      <Filter>Classes\Source Files</Filter>
    </ClCompile>
    <ClCompile Include="..\Classes\NewGameBoardManager.cpp">
      <Filter>Classes\Source Files</Filter>
    </ClCompile>
    <ClCompile Include="..\Classes\GameWordManager.cpp">
      <Filter>Classes\Source Files</Filter>
    </ClCompile>
    <ClCompile Include="..\Classes\SoundManager.cpp">
      <Filter>Classes\Source Files</Filter>
    </ClCompile>
    <ClCompile Include="..\Classes\StatusLayer.cpp">
      <Filter>Classes\Source Files</Filter>
    </ClCompile>
    <ClCompile Include="..\Classes\DictionaryNode.cpp">
      <Filter>Classes\Source Files</Filter>
    </ClCompile>
    <ClCompile Include="..\Classes\EndGameNode.cpp">
      <Filter>Classes\Source Files</Filter>
    </ClCompile>
    <ClCompile Include="..\Classes\GameTargetNode.cpp">
      <Filter>Classes\Source Files</Filter>
    </ClCompile>
    <ClCompile Include="..\Classes\BonusWordNode.cpp">
      <Filter>Classes\Source Files</Filter>
    </ClCompile>
  </ItemGroup>
  <ItemGroup>
    <ClInclude Include="main.h">
      <Filter>win32</Filter>
    </ClInclude>
    <ClInclude Include="..\Classes\HelloWorldScene.h">
      <Filter>Classes\Header Files</Filter>
    </ClInclude>
    <ClInclude Include="..\Classes\AppDelegate.h">
      <Filter>Classes\Header Files</Filter>
    </ClInclude>
    <ClInclude Include="..\Classes\GameBoardManager.h">
      <Filter>Classes\Header Files</Filter>
    </ClInclude>
    <ClInclude Include="..\Classes\WordCollectBoardRenderNode.h">
      <Filter>Classes\Header Files</Filter>
    </ClInclude>
    <ClInclude Include="..\Classes\MainMenuScene.h">
      <Filter>Classes\Header Files</Filter>
    </ClInclude>
    <ClInclude Include="..\Classes\ComboCountRenderNode.h">
      <Filter>Classes\Header Files</Filter>
    </ClInclude>
    <ClInclude Include="..\Classes\NewGameBoardManager.h">
      <Filter>Classes\Header Files</Filter>
    </ClInclude>
    <ClInclude Include="..\Classes\GameDataStructure.h">
      <Filter>Classes\Header Files</Filter>
    </ClInclude>
    <ClInclude Include="..\Classes\GameWordManager.h">
      <Filter>Classes\Header Files</Filter>
    </ClInclude>
    <ClInclude Include="..\Classes\SoundManager.h">
      <Filter>Classes\Header Files</Filter>
    </ClInclude>
    <ClInclude Include="..\Classes\StatusLayer.h">
      <Filter>Classes\Header Files</Filter>
    </ClInclude>
    <ClInclude Include="..\Classes\DictionaryNode.h">
      <Filter>Classes\Header Files</Filter>
    </ClInclude>
    <ClInclude Include="..\Classes\EndGameNode.h">
      <Filter>Classes\Header Files</Filter>
    </ClInclude>
    <ClInclude Include="..\Classes\GameTargetNode.h">
      <Filter>Classes\Header Files</Filter>
    </ClInclude>
    <ClInclude Include="..\Classes\BonusWordNode.h">
      <Filter>Classes\Header Files</Filter>
    </ClInclude>
  </ItemGroup>
  <ItemGroup>
    <ResourceCompile Include="game.rc">
      <Filter>resource</Filter>
    </ResourceCompile>
  </ItemGroup>
  <ItemGroup>
    <Text Include="..\Resources\ComboBasicPattern.txt">
      <Filter>resource</Filter>
    </Text>
    <Text Include="..\Resources\WordList.txt">
      <Filter>resource</Filter>
    </Text>
    <Text Include="..\Resources\WordList2.txt">
      <Filter>resource</Filter>
    </Text>
    <Text Include="..\Resources\GameConfig.txt">
      <Filter>resource</Filter>
    </Text>
    <Text Include="..\Resources\GenerateWordConfig.txt">
      <Filter>resource</Filter>
    </Text>
  </ItemGroup>
</Project>